
Microsoft Visual Studio Solution File, Format Version 12.00
# Visual Studio 15
Project("{FAE04EC0-301F-11D3-BF4B-00C04F79EFBC}") = "Assembly-CSharp-firstpass", "Assembly-CSharp-firstpass.csproj", "{E0DA28C6-4B04-E2AC-978B-B1918E8BDEC0}"
EndProject
Project("{FAE04EC0-301F-11D3-BF4B-00C04F79EFBC}") = "Assembly-CSharp", "Assembly-CSharp.csproj", "{98B2C544-B866-536F-B960-732B795AA259}"
EndProject
Project("{FAE04EC0-301F-11D3-BF4B-00C04F79EFBC}") = "Assembly-CSharp-Editor-firstpass", "Assembly-CSharp-Editor-firstpass.csproj", "{31AF0CE2-7953-C890-E6E3-6B168B269E49}"
EndProject
Global
	GlobalSection(SolutionConfigurationPlatforms) = preSolution
		Debug|Any CPU = Debug|Any CPU
		Release|Any CPU = Release|Any CPU
	EndGlobalSection
	GlobalSection(ProjectConfigurationPlatforms) = postSolution
		{E0DA28C6-4B04-E2AC-978B-B1918E8BDEC0}.Debug|Any CPU.ActiveCfg = Debug|Any CPU
		{E0DA28C6-4B04-E2AC-978B-B1918E8BDEC0}.Debug|Any CPU.Build.0 = Debug|Any CPU
		{E0DA28C6-4B04-E2AC-978B-B1918E8BDEC0}.Release|Any CPU.ActiveCfg = Release|Any CPU
		{E0DA28C6-4B04-E2AC-978B-B1918E8BDEC0}.Release|Any CPU.Build.0 = Release|Any CPU
		{98B2C544-B866-536F-B960-732B795AA259}.Debug|Any CPU.ActiveCfg = Debug|Any CPU
		{98B2C544-B866-536F-B960-732B795AA259}.Debug|Any CPU.Build.0 = Debug|Any CPU
		{98B2C544-B866-536F-B960-732B795AA259}.Release|Any CPU.ActiveCfg = Release|Any CPU
		{98B2C544-B866-536F-B960-732B795AA259}.Release|Any CPU.Build.0 = Release|Any CPU
		{31AF0CE2-7953-C890-E6E3-6B168B269E49}.Debug|Any CPU.ActiveCfg = Debug|Any CPU
		{31AF0CE2-7953-C890-E6E3-6B168B269E49}.Debug|Any CPU.Build.0 = Debug|Any CPU
		{31AF0CE2-7953-C890-E6E3-6B168B269E49}.Release|Any CPU.ActiveCfg = Release|Any CPU
		{31AF0CE2-7953-C890-E6E3-6B168B269E49}.Release|Any CPU.Build.0 = Release|Any CPU
	EndGlobalSection
	GlobalSection(SolutionProperties) = preSolution
		HideSolutionNode = FALSE
	EndGlobalSection
EndGlobal
